// !$*UTF8*$!
{
	archiveVersion = 1;
	classes = {
	};
	objectVersion = 46;
	objects = {

/* Begin PBXBuildFile section */
		4D1B04521DD9EC2C00DB9313 /* AppDelegate.swift in Sources */ = {isa = PBXBuildFile; fileRef = 4D1B04511DD9EC2C00DB9313 /* AppDelegate.swift */; };
		4D1B04541DD9EC2C00DB9313 /* MainVC.swift in Sources */ = {isa = PBXBuildFile; fileRef = 4D1B04531DD9EC2C00DB9313 /* MainVC.swift */; };
		4D1B04571DD9EC2C00DB9313 /* Main.storyboard in Resources */ = {isa = PBXBuildFile; fileRef = 4D1B04551DD9EC2C00DB9313 /* Main.storyboard */; };
		4D1B045A1DD9EC2C00DB9313 /* DreamLister.xcdatamodeld in Sources */ = {isa = PBXBuildFile; fileRef = 4D1B04581DD9EC2C00DB9313 /* DreamLister.xcdatamodeld */; };
		4D1B045C1DD9EC2C00DB9313 /* Assets.xcassets in Resources */ = {isa = PBXBuildFile; fileRef = 4D1B045B1DD9EC2C00DB9313 /* Assets.xcassets */; };
		4D1B045F1DD9EC2C00DB9313 /* LaunchScreen.storyboard in Resources */ = {isa = PBXBuildFile; fileRef = 4D1B045D1DD9EC2C00DB9313 /* LaunchScreen.storyboard */; };
		4D1B047A1DDA002000DB9313 /* MaterialView.swift in Sources */ = {isa = PBXBuildFile; fileRef = 4D1B04791DDA002000DB9313 /* MaterialView.swift */; };
		4D28DB011DDC776B00943376 /* ItemDetailsVC.swift in Sources */ = {isa = PBXBuildFile; fileRef = 4D28DB001DDC776B00943376 /* ItemDetailsVC.swift */; };
		4D28DB051DDC86DD00943376 /* CustomTextField.swift in Sources */ = {isa = PBXBuildFile; fileRef = 4D28DB041DDC86DD00943376 /* CustomTextField.swift */; };
		4DC9D7691DDA24CD00F69675 /* ItemCell.swift in Sources */ = {isa = PBXBuildFile; fileRef = 4DC9D7681DDA24CD00F69675 /* ItemCell.swift */; };
/* End PBXBuildFile section */

/* Begin PBXFileReference section */
		4D1B044E1DD9EC2C00DB9313 /* DreamLister.app */ = {isa = PBXFileReference; explicitFileType = wrapper.application; includeInIndex = 0; path = DreamLister.app; sourceTree = BUILT_PRODUCTS_DIR; };
		4D1B04511DD9EC2C00DB9313 /* AppDelegate.swift */ = {isa = PBXFileReference; lastKnownFileType = sourcecode.swift; path = AppDelegate.swift; sourceTree = "<group>"; };
		4D1B04531DD9EC2C00DB9313 /* MainVC.swift */ = {isa = PBXFileReference; lastKnownFileType = sourcecode.swift; path = MainVC.swift; sourceTree = "<group>"; };
		4D1B04561DD9EC2C00DB9313 /* Base */ = {isa = PBXFileReference; lastKnownFileType = file.storyboard; name = Base; path = Base.lproj/Main.storyboard; sourceTree = "<group>"; };
		4D1B04591DD9EC2C00DB9313 /* DreamLister.xcdatamodel */ = {isa = PBXFileReference; lastKnownFileType = wrapper.xcdatamodel; path = DreamLister.xcdatamodel; sourceTree = "<group>"; };
		4D1B045B1DD9EC2C00DB9313 /* Assets.xcassets */ = {isa = PBXFileReference; lastKnownFileType = folder.assetcatalog; path = Assets.xcassets; sourceTree = "<group>"; };
		4D1B045E1DD9EC2C00DB9313 /* Base */ = {isa = PBXFileReference; lastKnownFileType = file.storyboard; name = Base; path = Base.lproj/LaunchScreen.storyboard; sourceTree = "<group>"; };
		4D1B04601DD9EC2C00DB9313 /* Info.plist */ = {isa = PBXFileReference; lastKnownFileType = text.plist.xml; path = Info.plist; sourceTree = "<group>"; };
		4D1B04791DDA002000DB9313 /* MaterialView.swift */ = {isa = PBXFileReference; fileEncoding = 4; lastKnownFileType = sourcecode.swift; path = MaterialView.swift; sourceTree = "<group>"; };
		4D28DB001DDC776B00943376 /* ItemDetailsVC.swift */ = {isa = PBXFileReference; fileEncoding = 4; lastKnownFileType = sourcecode.swift; path = ItemDetailsVC.swift; sourceTree = "<group>"; };
		4D28DB041DDC86DD00943376 /* CustomTextField.swift */ = {isa = PBXFileReference; fileEncoding = 4; lastKnownFileType = sourcecode.swift; path = CustomTextField.swift; sourceTree = "<group>"; };
		4DC9D7681DDA24CD00F69675 /* ItemCell.swift */ = {isa = PBXFileReference; fileEncoding = 4; lastKnownFileType = sourcecode.swift; path = ItemCell.swift; sourceTree = "<group>"; };
/* End PBXFileReference section */

/* Begin PBXFrameworksBuildPhase section */
		4D1B044B1DD9EC2C00DB9313 /* Frameworks */ = {
			isa = PBXFrameworksBuildPhase;
			buildActionMask = 2147483647;
			files = (
			);
			runOnlyForDeploymentPostprocessing = 0;
		};
/* End PBXFrameworksBuildPhase section */

/* Begin PBXGroup section */
		4D1B04451DD9EC2C00DB9313 = {
			isa = PBXGroup;
			children = (
				4D1B04501DD9EC2C00DB9313 /* DreamLister */,
				4D1B044F1DD9EC2C00DB9313 /* Products */,
			);
			sourceTree = "<group>";
		};
		4D1B044F1DD9EC2C00DB9313 /* Products */ = {
			isa = PBXGroup;
			children = (
				4D1B044E1DD9EC2C00DB9313 /* DreamLister.app */,
			);
			name = Products;
			sourceTree = "<group>";
		};
		4D1B04501DD9EC2C00DB9313 /* DreamLister */ = {
			isa = PBXGroup;
			children = (
				4D28DAFF1DDC775400943376 /* Controller */,
				4D1B04781DDA000500DB9313 /* View */,
				4D1B04511DD9EC2C00DB9313 /* AppDelegate.swift */,
				4D1B04531DD9EC2C00DB9313 /* MainVC.swift */,
				4D1B04551DD9EC2C00DB9313 /* Main.storyboard */,
				4D1B045B1DD9EC2C00DB9313 /* Assets.xcassets */,
				4D1B045D1DD9EC2C00DB9313 /* LaunchScreen.storyboard */,
				4D1B04601DD9EC2C00DB9313 /* Info.plist */,
				4D1B04581DD9EC2C00DB9313 /* DreamLister.xcdatamodeld */,
			);
			path = DreamLister;
			sourceTree = "<group>";
		};
		4D1B04781DDA000500DB9313 /* View */ = {
			isa = PBXGroup;
			children = (
				4D1B04791DDA002000DB9313 /* MaterialView.swift */,
				4DC9D7681DDA24CD00F69675 /* ItemCell.swift */,
			);
			name = View;
			sourceTree = "<group>";
		};
		4D28DAFF1DDC775400943376 /* Controller */ = {
			isa = PBXGroup;
			children = (
				4D28DB001DDC776B00943376 /* ItemDetailsVC.swift */,
				4D28DB041DDC86DD00943376 /* CustomTextField.swift */,
			);
			name = Controller;
			sourceTree = "<group>";
		};
/* End PBXGroup section */

/* Begin PBXNativeTarget section */
		4D1B044D1DD9EC2C00DB9313 /* DreamLister */ = {
			isa = PBXNativeTarget;
			buildConfigurationList = 4D1B04631DD9EC2C00DB9313 /* Build configuration list for PBXNativeTarget "DreamLister" */;
			buildPhases = (
				4D1B044A1DD9EC2C00DB9313 /* Sources */,
				4D1B044B1DD9EC2C00DB9313 /* Frameworks */,
				4D1B044C1DD9EC2C00DB9313 /* Resources */,
			);
			buildRules = (
			);
			dependencies = (
			);
			name = DreamLister;
			productName = DreamLister;
			productReference = 4D1B044E1DD9EC2C00DB9313 /* DreamLister.app */;
			productType = "com.apple.product-type.application";
		};
/* End PBXNativeTarget section */

/* Begin PBXProject section */
		4D1B04461DD9EC2C00DB9313 /* Project object */ = {
			isa = PBXProject;
			attributes = {
				LastSwiftUpdateCheck = 0810;
				LastUpgradeCheck = 0810;
				ORGANIZATIONNAME = "Harris Zacharis";
				TargetAttributes = {
					4D1B044D1DD9EC2C00DB9313 = {
						CreatedOnToolsVersion = 8.1;
						ProvisioningStyle = Automatic;
					};
				};
			};
			buildConfigurationList = 4D1B04491DD9EC2C00DB9313 /* Build configuration list for PBXProject "DreamLister" */;
			compatibilityVersion = "Xcode 3.2";
			developmentRegion = English;
			hasScannedForEncodings = 0;
			knownRegions = (
				en,
				Base,
			);
			mainGroup = 4D1B04451DD9EC2C00DB9313;
			productRefGroup = 4D1B044F1DD9EC2C00DB9313 /* Products */;
			projectDirPath = "";
			projectRoot = "";
			targets = (
				4D1B044D1DD9EC2C00DB9313 /* DreamLister */,
			);
		};
/* End PBXProject section */

/* Begin PBXResourcesBuildPhase section */
		4D1B044C1DD9EC2C00DB9313 /* Resources */ = {
			isa = PBXResourcesBuildPhase;
			buildActionMask = 2147483647;
			files = (
				4D1B045F1DD9EC2C00DB9313 /* LaunchScreen.storyboard in Resources */,
				4D1B045C1DD9EC2C00DB9313 /* Assets.xcassets in Resources */,
				4D1B04571DD9EC2C00DB9313 /* Main.storyboard in Resources */,
			);
			runOnlyForDeploymentPostprocessing = 0;
		};
/* End PBXResourcesBuildPhase section */

/* Begin PBXSourcesBuildPhase section */
		4D1B044A1DD9EC2C00DB9313 /* Sources */ = {
			isa = PBXSourcesBuildPhase;
			buildActionMask = 2147483647;
			files = (
				4D28DB051DDC86DD00943376 /* CustomTextField.swift in Sources */,
				4D1B04541DD9EC2C00DB9313 /* MainVC.swift in Sources */,
				4D28DB011DDC776B00943376 /* ItemDetailsVC.swift in Sources */,
				4D1B04521DD9EC2C00DB9313 /* AppDelegate.swift in Sources */,
				4D1B045A1DD9EC2C00DB9313 /* DreamLister.xcdatamodeld in Sources */,
				4D1B047A1DDA002000DB9313 /* MaterialView.swift in Sources */,
				4DC9D7691DDA24CD00F69675 /* ItemCell.swift in Sources */,
			);
			runOnlyForDeploymentPostprocessing = 0;
		};
/* End PBXSourcesBuildPhase section */

/* Begin PBXVariantGroup section */
		4D1B04551DD9EC2C00DB9313 /* Main.storyboard */ = {
			isa = PBXVariantGroup;
			children = (
				4D1B04561DD9EC2C00DB9313 /* Base */,
			);
			name = Main.storyboard;
			sourceTree = "<group>";
		};
		4D1B045D1DD9EC2C00DB9313 /* LaunchScreen.storyboard */ = {
			isa = PBXVariantGroup;
			children = (
				4D1B045E1DD9EC2C00DB9313 /* Base */,
			);
			name = LaunchScreen.storyboard;
			sourceTree = "<group>";
		};
/* End PBXVariantGroup section */

/* Begin XCBuildConfiguration section */
		4D1B04611DD9EC2C00DB9313 /* Debug */ = {
			isa = XCBuildConfiguration;
			buildSettings = {
				ALWAYS_SEARCH_USER_PATHS = NO;
				CLANG_ANALYZER_NONNULL = YES;
				CLANG_CXX_LANGUAGE_STANDARD = "gnu++0x";
				CLANG_CXX_LIBRARY = "libc++";
				CLANG_ENABLE_MODULES = YES;
				CLANG_ENABLE_OBJC_ARC = YES;
				CLANG_WARN_BOOL_CONVERSION = YES;
				CLANG_WARN_CONSTANT_CONVERSION = YES;
				CLANG_WARN_DIRECT_OBJC_ISA_USAGE = YES_ERROR;
				CLANG_WARN_DOCUMENTATION_COMMENTS = YES;
				CLANG_WARN_EMPTY_BODY = YES;
				CLANG_WARN_ENUM_CONVERSION = YES;
				CLANG_WARN_INFINITE_RECURSION = YES;
				CLANG_WARN_INT_CONVERSION = YES;
				CLANG_WARN_OBJC_ROOT_CLASS = YES_ERROR;
				CLANG_WARN_SUSPICIOUS_MOVES = YES;
				CLANG_WARN_UNREACHABLE_CODE = YES;
				CLANG_WARN__DUPLICATE_METHOD_MATCH = YES;
				"CODE_SIGN_IDENTITY[sdk=iphoneos*]" = "iPhone Developer";
				COPY_PHASE_STRIP = NO;
				DEBUG_INFORMATION_FORMAT = dwarf;
				ENABLE_STRICT_OBJC_MSGSEND = YES;
				ENABLE_TESTABILITY = YES;
				GCC_C_LANGUAGE_STANDARD = gnu99;
				GCC_DYNAMIC_NO_PIC = NO;
				GCC_NO_COMMON_BLOCKS = YES;
				GCC_OPTIMIZATION_LEVEL = 0;
				GCC_PREPROCESSOR_DEFINITIONS = (
					"DEBUG=1",
					"$(inherited)",
				);
				GCC_WARN_64_TO_32_BIT_CONVERSION = YES;
				GCC_WARN_ABOUT_RETURN_TYPE = YES_ERROR;
				GCC_WARN_UNDECLARED_SELECTOR = YES;
				GCC_WARN_UNINITIALIZED_AUTOS = YES_AGGRESSIVE;
				GCC_WARN_UNUSED_FUNCTION = YES;
				GCC_WARN_UNUSED_VARIABLE = YES;
				IPHONEOS_DEPLOYMENT_TARGET = 10.1;
				MTL_ENABLE_DEBUG_INFO = YES;
				ONLY_ACTIVE_ARCH = YES;
				SDKROOT = iphoneos;
				SWIFT_ACTIVE_COMPILATION_CONDITIONS = DEBUG;
				SWIFT_OPTIMIZATION_LEVEL = "-Onone";
				TARGETED_DEVICE_FAMILY = "1,2";
			};
			name = Debug;
		};
		4D1B04621DD9EC2C00DB9313 /* Release */ = {
			isa = XCBuildConfiguration;
			buildSettings = {
				ALWAYS_SEARCH_USER_PATHS = NO;
				CLANG_ANALYZER_NONNULL = YES;
				CLANG_CXX_LANGUAGE_STANDARD = "gnu++0x";
				CLANG_CXX_LIBRARY = "libc++";
				CLANG_ENABLE_MODULES = YES;
				CLANG_ENABLE_OBJC_ARC = YES;
				CLANG_WARN_BOOL_CONVERSION = YES;
				CLANG_WARN_CONSTANT_CONVERSION = YES;
				CLANG_WARN_DIRECT_OBJC_ISA_USAGE = YES_ERROR;
				CLANG_WARN_DOCUMENTATION_COMMENTS = YES;
				CLANG_WARN_EMPTY_BODY = YES;
				CLANG_WARN_ENUM_CONVERSION = YES;
				CLANG_WARN_INFINITE_RECURSION = YES;
				CLANG_WARN_INT_CONVERSION = YES;
				CLANG_WARN_OBJC_ROOT_CLASS = YES_ERROR;
				CLANG_WARN_SUSPICIOUS_MOVES = YES;
				CLANG_WARN_UNREACHABLE_CODE = YES;
				CLANG_WARN__DUPLICATE_METHOD_MATCH = YES;
				"CODE_SIGN_IDENTITY[sdk=iphoneos*]" = "iPhone Developer";
				COPY_PHASE_STRIP = NO;
				DEBUG_INFORMATION_FORMAT = "dwarf-with-dsym";
				ENABLE_NS_ASSERTIONS = NO;
				ENABLE_STRICT_OBJC_MSGSEND = YES;
				GCC_C_LANGUAGE_STANDARD = gnu99;
				GCC_NO_COMMON_BLOCKS = YES;
				GCC_WARN_64_TO_32_BIT_CONVERSION = YES;
				GCC_WARN_ABOUT_RETURN_TYPE = YES_ERROR;
				GCC_WARN_UNDECLARED_SELECTOR = YES;
				GCC_WARN_UNINITIALIZED_AUTOS = YES_AGGRESSIVE;
				GCC_WARN_UNUSED_FUNCTION = YES;
				GCC_WARN_UNUSED_VARIABLE = YES;
				IPHONEOS_DEPLOYMENT_TARGET = 10.1;
				MTL_ENABLE_DEBUG_INFO = NO;
				SDKROOT = iphoneos;
				SWIFT_OPTIMIZATION_LEVEL = "-Owholemodule";
				TARGETED_DEVICE_FAMILY = "1,2";
				VALIDATE_PRODUCT = YES;
			};
			name = Release;
		};
		4D1B04641DD9EC2C00DB9313 /* Debug */ = {
			isa = XCBuildConfiguration;
			buildSettings = {
				ASSETCATALOG_COMPILER_APPICON_NAME = AppIcon;
				INFOPLIST_FILE = DreamLister/Info.plist;
				LD_RUNPATH_SEARCH_PATHS = "$(inherited) @executable_path/Frameworks";
				PRODUCT_BUNDLE_IDENTIFIER = com.zacharisharris.DreamLister;
				PRODUCT_NAME = "$(TARGET_NAME)";
				SWIFT_VERSION = 3.0;
			};
			name = Debug;
		};
		4D1B04651DD9EC2C00DB9313 /* Release */ = {
			isa = XCBuildConfiguration;
			buildSettings = {
				ASSETCATALOG_COMPILER_APPICON_NAME = AppIcon;
				INFOPLIST_FILE = DreamLister/Info.plist;
				LD_RUNPATH_SEARCH_PATHS = "$(inherited) @executable_path/Frameworks";
				PRODUCT_BUNDLE_IDENTIFIER = com.zacharisharris.DreamLister;
				PRODUCT_NAME = "$(TARGET_NAME)";
				SWIFT_VERSION = 3.0;
			};
			name = Release;
		};
/* End XCBuildConfiguration section */

/* Begin XCConfigurationList section */
		4D1B04491DD9EC2C00DB9313 /* Build configuration list for PBXProject "DreamLister" */ = {
			isa = XCConfigurationList;
			buildConfigurations = (
				4D1B04611DD9EC2C00DB9313 /* Debug */,
				4D1B04621DD9EC2C00DB9313 /* Release */,
			);
			defaultConfigurationIsVisible = 0;
			defaultConfigurationName = Release;
		};
		4D1B04631DD9EC2C00DB9313 /* Build configuration list for PBXNativeTarget "DreamLister" */ = {
			isa = XCConfigurationList;
			buildConfigurations = (
				4D1B04641DD9EC2C00DB9313 /* Debug */,
				4D1B04651DD9EC2C00DB9313 /* Release */,
			);
			defaultConfigurationIsVisible = 0;
			defaultConfigurationName = Release;
		};
/* End XCConfigurationList section */

/* Begin XCVersionGroup section */
		4D1B04581DD9EC2C00DB9313 /* DreamLister.xcdatamodeld */ = {
			isa = XCVersionGroup;
			children = (
				4D1B04591DD9EC2C00DB9313 /* DreamLister.xcdatamodel */,
			);
			currentVersion = 4D1B04591DD9EC2C00DB9313 /* DreamLister.xcdatamodel */;
			path = DreamLister.xcdatamodeld;
			sourceTree = "<group>";
			versionGroupType = wrapper.xcdatamodel;
		};
/* End XCVersionGroup section */
	};
	rootObject = 4D1B04461DD9EC2C00DB9313 /* Project object */;
}
